
Microsoft Visual Studio Solution File, Format Version 12.00
# Visual Studio Version 17
VisualStudioVersion = 17.7.34031.279
MinimumVisualStudioVersion = 10.0.40219.1
Project("{FAE04EC0-301F-11D3-BF4B-00C04F79EFBC}") = "tp_integrador_GUI", "tp_integrador_GUI.csproj", "{4DDCA051-A7B3-4532-A939-04891F25CBAE}"
EndProject
Global
	GlobalSection(SolutionConfigurationPlatforms) = preSolution
		Debug|Any CPU = Debug|Any CPU
		Release|Any CPU = Release|Any CPU
	EndGlobalSection
	GlobalSection(ProjectConfigurationPlatforms) = postSolution
		{4DDCA051-A7B3-4532-A939-04891F25CBAE}.Debug|Any CPU.ActiveCfg = Debug|Any CPU
		{4DDCA051-A7B3-4532-A939-04891F25CBAE}.Debug|Any CPU.Build.0 = Debug|Any CPU
		{4DDCA051-A7B3-4532-A939-04891F25CBAE}.Release|Any CPU.ActiveCfg = Release|Any CPU
		{4DDCA051-A7B3-4532-A939-04891F25CBAE}.Release|Any CPU.Build.0 = Release|Any CPU
	EndGlobalSection
	GlobalSection(SolutionProperties) = preSolution
		HideSolutionNode = FALSE
	EndGlobalSection
	GlobalSection(ExtensibilityGlobals) = postSolution
		SolutionGuid = {AE433561-D1E5-4159-B8EB-11EC91877F6B}
	EndGlobalSection
EndGlobal
